
Microsoft Visual Studio Solution File, Format Version 12.00
# Visual Studio Version 17
VisualStudioVersion = 17.8.34330.188
MinimumVisualStudioVersion = 10.0.40219.1
Project("{9A19103F-16F7-4668-BE54-9A1E7A4F7556}") = "FirstApp", "FirstApp\FirstApp.csproj", "{619DC92E-8337-48F2-B341-14A2DC6239B5}"
EndProject
Project("{E53339B2-1760-4266-BCC7-CA923CBCF16C}") = "docker-compose", "docker-compose.dcproj", "{56278B67-50F5-4AF4-96A0-1149A8766A87}"
EndProject
Global
	GlobalSection(SolutionConfigurationPlatforms) = preSolution
		Debug|Any CPU = Debug|Any CPU
		Release|Any CPU = Release|Any CPU
	EndGlobalSection
	GlobalSection(ProjectConfigurationPlatforms) = postSolution
		{619DC92E-8337-48F2-B341-14A2DC6239B5}.Debug|Any CPU.ActiveCfg = Debug|Any CPU
		{619DC92E-8337-48F2-B341-14A2DC6239B5}.Debug|Any CPU.Build.0 = Debug|Any CPU
		{619DC92E-8337-48F2-B341-14A2DC6239B5}.Release|Any CPU.ActiveCfg = Release|Any CPU
		{619DC92E-8337-48F2-B341-14A2DC6239B5}.Release|Any CPU.Build.0 = Release|Any CPU
		{56278B67-50F5-4AF4-96A0-1149A8766A87}.Debug|Any CPU.ActiveCfg = Debug|Any CPU
		{56278B67-50F5-4AF4-96A0-1149A8766A87}.Debug|Any CPU.Build.0 = Debug|Any CPU
		{56278B67-50F5-4AF4-96A0-1149A8766A87}.Release|Any CPU.ActiveCfg = Release|Any CPU
		{56278B67-50F5-4AF4-96A0-1149A8766A87}.Release|Any CPU.Build.0 = Release|Any CPU
	EndGlobalSection
	GlobalSection(SolutionProperties) = preSolution
		HideSolutionNode = FALSE
	EndGlobalSection
	GlobalSection(ExtensibilityGlobals) = postSolution
		SolutionGuid = {1878E024-C22C-456A-ABF6-EA605CB439A1}
	EndGlobalSection
EndGlobal
